
Microsoft Visual Studio Solution File, Format Version 12.00
# Visual Studio 15
VisualStudioVersion = 15.0.27703.2018
MinimumVisualStudioVersion = 10.0.40219.1
Project("{FAE04EC0-301F-11D3-BF4B-00C04F79EFBC}") = "MHLab.Pooling", "MHLab.Pooling\MHLab.Pooling.csproj", "{D47B1021-3C8E-4410-81C7-7F271D123CDE}"
EndProject
Global
	GlobalSection(SolutionConfigurationPlatforms) = preSolution
		Debug|Any CPU = Debug|Any CPU
		Release|Any CPU = Release|Any CPU
	EndGlobalSection
	GlobalSection(ProjectConfigurationPlatforms) = postSolution
		{D47B1021-3C8E-4410-81C7-7F271D123CDE}.Debug|Any CPU.ActiveCfg = Debug|Any CPU
		{D47B1021-3C8E-4410-81C7-7F271D123CDE}.Debug|Any CPU.Build.0 = Debug|Any CPU
		{D47B1021-3C8E-4410-81C7-7F271D123CDE}.Release|Any CPU.ActiveCfg = Release|Any CPU
		{D47B1021-3C8E-4410-81C7-7F271D123CDE}.Release|Any CPU.Build.0 = Release|Any CPU
	EndGlobalSection
	GlobalSection(SolutionProperties) = preSolution
		HideSolutionNode = FALSE
	EndGlobalSection
	GlobalSection(ExtensibilityGlobals) = postSolution
		SolutionGuid = {653C2CDE-AB92-4FA9-A677-D34004EF571C}
	EndGlobalSection
EndGlobal
